
Microsoft Visual Studio Solution File, Format Version 12.00
# Visual Studio Version 17
VisualStudioVersion = 17.9.34902.65
MinimumVisualStudioVersion = 10.0.40219.1
Project("{FAE04EC0-301F-11D3-BF4B-00C04F79EFBC}") = "FlashCardss", "FlashCardss\FlashCardss.csproj", "{08241CD3-2A91-4257-ABAD-48A0250E55B5}"
EndProject
Global
	GlobalSection(SolutionConfigurationPlatforms) = preSolution
		Debug|Any CPU = Debug|Any CPU
		Release|Any CPU = Release|Any CPU
	EndGlobalSection
	GlobalSection(ProjectConfigurationPlatforms) = postSolution
		{08241CD3-2A91-4257-ABAD-48A0250E55B5}.Debug|Any CPU.ActiveCfg = Debug|Any CPU
		{08241CD3-2A91-4257-ABAD-48A0250E55B5}.Debug|Any CPU.Build.0 = Debug|Any CPU
		{08241CD3-2A91-4257-ABAD-48A0250E55B5}.Release|Any CPU.ActiveCfg = Release|Any CPU
		{08241CD3-2A91-4257-ABAD-48A0250E55B5}.Release|Any CPU.Build.0 = Release|Any CPU
	EndGlobalSection
	GlobalSection(SolutionProperties) = preSolution
		HideSolutionNode = FALSE
	EndGlobalSection
	GlobalSection(ExtensibilityGlobals) = postSolution
		SolutionGuid = {4DC857A2-EC70-4E57-9FC5-35143DCCA806}
	EndGlobalSection
EndGlobal
